
Microsoft Visual Studio Solution File, Format Version 11.00
# Visual C# Express 2010
Project("{FAE04EC0-301F-11D3-BF4B-00C04F79EFBC}") = "BombermanModel", "Bomberman\BombermanModel.csproj", "{F0A3EDDB-4DCE-4E03-B7E4-B50FC421A8CC}"
EndProject
Project("{FAE04EC0-301F-11D3-BF4B-00C04F79EFBC}") = "TestBomberman", "TestBomberman\TestBomberman.csproj", "{5739E4EF-7A07-424A-903D-EB1132A57948}"
EndProject
Project("{FAE04EC0-301F-11D3-BF4B-00C04F79EFBC}") = "BombermanGame", "WindowsGame1\WindowsGame1\BombermanGame.csproj", "{213D85D9-4793-4C5B-9BF3-C976D06FD3E1}"
EndProject
Project("{FAE04EC0-301F-11D3-BF4B-00C04F79EFBC}") = "BombermanVistaContent", "WindowsGame1\WindowsGame1Content\BombermanVistaContent.contentproj", "{9EF0A884-E58D-45B8-9E2F-9A95E66CA50B}"
EndProject
Project("{FAE04EC0-301F-11D3-BF4B-00C04F79EFBC}") = "BombermanCommon", "BombermanCommon\BombermanCommon.csproj", "{50F91BCB-15BE-436C-8FF8-62C205C9C32F}"
EndProject
Project("{FAE04EC0-301F-11D3-BF4B-00C04F79EFBC}") = "BombermanView", "BombermanView\BombermanView.csproj", "{EA39C370-5D32-48E5-9112-81AB467DC1D6}"
	ProjectSection(ProjectDependencies) = postProject
		{50F91BCB-15BE-436C-8FF8-62C205C9C32F} = {50F91BCB-15BE-436C-8FF8-62C205C9C32F}
	EndProjectSection
EndProject
Global
	GlobalSection(SolutionConfigurationPlatforms) = preSolution
		Debug|Any CPU = Debug|Any CPU
		Debug|Mixed Platforms = Debug|Mixed Platforms
		Debug|x86 = Debug|x86
		Release|Any CPU = Release|Any CPU
		Release|Mixed Platforms = Release|Mixed Platforms
		Release|x86 = Release|x86
	EndGlobalSection
	GlobalSection(ProjectConfigurationPlatforms) = postSolution
		{F0A3EDDB-4DCE-4E03-B7E4-B50FC421A8CC}.Debug|Any CPU.ActiveCfg = Debug|Any CPU
		{F0A3EDDB-4DCE-4E03-B7E4-B50FC421A8CC}.Debug|Any CPU.Build.0 = Debug|Any CPU
		{F0A3EDDB-4DCE-4E03-B7E4-B50FC421A8CC}.Debug|Mixed Platforms.ActiveCfg = Debug|Any CPU
		{F0A3EDDB-4DCE-4E03-B7E4-B50FC421A8CC}.Debug|Mixed Platforms.Build.0 = Debug|Any CPU
		{F0A3EDDB-4DCE-4E03-B7E4-B50FC421A8CC}.Debug|x86.ActiveCfg = Debug|Any CPU
		{F0A3EDDB-4DCE-4E03-B7E4-B50FC421A8CC}.Release|Any CPU.ActiveCfg = Release|Any CPU
		{F0A3EDDB-4DCE-4E03-B7E4-B50FC421A8CC}.Release|Any CPU.Build.0 = Release|Any CPU
		{F0A3EDDB-4DCE-4E03-B7E4-B50FC421A8CC}.Release|Mixed Platforms.ActiveCfg = Release|Any CPU
		{F0A3EDDB-4DCE-4E03-B7E4-B50FC421A8CC}.Release|Mixed Platforms.Build.0 = Release|Any CPU
		{F0A3EDDB-4DCE-4E03-B7E4-B50FC421A8CC}.Release|x86.ActiveCfg = Release|Any CPU
		{5739E4EF-7A07-424A-903D-EB1132A57948}.Debug|Any CPU.ActiveCfg = Debug|Any CPU
		{5739E4EF-7A07-424A-903D-EB1132A57948}.Debug|Any CPU.Build.0 = Debug|Any CPU
		{5739E4EF-7A07-424A-903D-EB1132A57948}.Debug|Mixed Platforms.ActiveCfg = Debug|Any CPU
		{5739E4EF-7A07-424A-903D-EB1132A57948}.Debug|Mixed Platforms.Build.0 = Debug|Any CPU
		{5739E4EF-7A07-424A-903D-EB1132A57948}.Debug|x86.ActiveCfg = Debug|Any CPU
		{5739E4EF-7A07-424A-903D-EB1132A57948}.Release|Any CPU.ActiveCfg = Release|Any CPU
		{5739E4EF-7A07-424A-903D-EB1132A57948}.Release|Any CPU.Build.0 = Release|Any CPU
		{5739E4EF-7A07-424A-903D-EB1132A57948}.Release|Mixed Platforms.ActiveCfg = Release|Any CPU
		{5739E4EF-7A07-424A-903D-EB1132A57948}.Release|Mixed Platforms.Build.0 = Release|Any CPU
		{5739E4EF-7A07-424A-903D-EB1132A57948}.Release|x86.ActiveCfg = Release|Any CPU
		{213D85D9-4793-4C5B-9BF3-C976D06FD3E1}.Debug|Any CPU.ActiveCfg = Debug|x86
		{213D85D9-4793-4C5B-9BF3-C976D06FD3E1}.Debug|Mixed Platforms.ActiveCfg = Debug|x86
		{213D85D9-4793-4C5B-9BF3-C976D06FD3E1}.Debug|Mixed Platforms.Build.0 = Debug|x86
		{213D85D9-4793-4C5B-9BF3-C976D06FD3E1}.Debug|x86.ActiveCfg = Debug|x86
		{213D85D9-4793-4C5B-9BF3-C976D06FD3E1}.Debug|x86.Build.0 = Debug|x86
		{213D85D9-4793-4C5B-9BF3-C976D06FD3E1}.Release|Any CPU.ActiveCfg = Release|x86
		{213D85D9-4793-4C5B-9BF3-C976D06FD3E1}.Release|Mixed Platforms.ActiveCfg = Release|x86
		{213D85D9-4793-4C5B-9BF3-C976D06FD3E1}.Release|Mixed Platforms.Build.0 = Release|x86
		{213D85D9-4793-4C5B-9BF3-C976D06FD3E1}.Release|x86.ActiveCfg = Release|x86
		{213D85D9-4793-4C5B-9BF3-C976D06FD3E1}.Release|x86.Build.0 = Release|x86
		{9EF0A884-E58D-45B8-9E2F-9A95E66CA50B}.Debug|Any CPU.ActiveCfg = Debug|x86
		{9EF0A884-E58D-45B8-9E2F-9A95E66CA50B}.Debug|Mixed Platforms.ActiveCfg = Debug|x86
		{9EF0A884-E58D-45B8-9E2F-9A95E66CA50B}.Debug|x86.ActiveCfg = Debug|x86
		{9EF0A884-E58D-45B8-9E2F-9A95E66CA50B}.Release|Any CPU.ActiveCfg = Release|x86
		{9EF0A884-E58D-45B8-9E2F-9A95E66CA50B}.Release|Mixed Platforms.ActiveCfg = Release|x86
		{9EF0A884-E58D-45B8-9E2F-9A95E66CA50B}.Release|x86.ActiveCfg = Release|x86
		{50F91BCB-15BE-436C-8FF8-62C205C9C32F}.Debug|Any CPU.ActiveCfg = Debug|Any CPU
		{50F91BCB-15BE-436C-8FF8-62C205C9C32F}.Debug|Any CPU.Build.0 = Debug|Any CPU
		{50F91BCB-15BE-436C-8FF8-62C205C9C32F}.Debug|Mixed Platforms.ActiveCfg = Debug|Any CPU
		{50F91BCB-15BE-436C-8FF8-62C205C9C32F}.Debug|Mixed Platforms.Build.0 = Debug|Any CPU
		{50F91BCB-15BE-436C-8FF8-62C205C9C32F}.Debug|x86.ActiveCfg = Debug|Any CPU
		{50F91BCB-15BE-436C-8FF8-62C205C9C32F}.Release|Any CPU.ActiveCfg = Release|Any CPU
		{50F91BCB-15BE-436C-8FF8-62C205C9C32F}.Release|Any CPU.Build.0 = Release|Any CPU
		{50F91BCB-15BE-436C-8FF8-62C205C9C32F}.Release|Mixed Platforms.ActiveCfg = Release|Any CPU
		{50F91BCB-15BE-436C-8FF8-62C205C9C32F}.Release|Mixed Platforms.Build.0 = Release|Any CPU
		{50F91BCB-15BE-436C-8FF8-62C205C9C32F}.Release|x86.ActiveCfg = Release|Any CPU
		{EA39C370-5D32-48E5-9112-81AB467DC1D6}.Debug|Any CPU.ActiveCfg = Debug|Any CPU
		{EA39C370-5D32-48E5-9112-81AB467DC1D6}.Debug|Any CPU.Build.0 = Debug|Any CPU
		{EA39C370-5D32-48E5-9112-81AB467DC1D6}.Debug|Mixed Platforms.ActiveCfg = Debug|Any CPU
		{EA39C370-5D32-48E5-9112-81AB467DC1D6}.Debug|Mixed Platforms.Build.0 = Debug|Any CPU
		{EA39C370-5D32-48E5-9112-81AB467DC1D6}.Debug|x86.ActiveCfg = Debug|Any CPU
		{EA39C370-5D32-48E5-9112-81AB467DC1D6}.Release|Any CPU.ActiveCfg = Release|Any CPU
		{EA39C370-5D32-48E5-9112-81AB467DC1D6}.Release|Any CPU.Build.0 = Release|Any CPU
		{EA39C370-5D32-48E5-9112-81AB467DC1D6}.Release|Mixed Platforms.ActiveCfg = Release|Any CPU
		{EA39C370-5D32-48E5-9112-81AB467DC1D6}.Release|Mixed Platforms.Build.0 = Release|Any CPU
		{EA39C370-5D32-48E5-9112-81AB467DC1D6}.Release|x86.ActiveCfg = Release|Any CPU
	EndGlobalSection
	GlobalSection(SolutionProperties) = preSolution
		HideSolutionNode = FALSE
	EndGlobalSection
EndGlobal
